NeoBundleLock hateblo.vim ef132084d4cf20a180c9eda4b7cb443771f5d67f
NeoBundleLock lightline.vim a63a00d548fd20457a4f31d31fb9c8fe8a7ebc2a
NeoBundleLock memolist.vim e5998fc80a27d23a8f074f61316f69ea67f6e1db
NeoBundleLock neobundle.vim c6fa48cd665071b7a4dbf5ab53f48cd5884716ee
NeoBundleLock neocomplcache 778181767467b8f8016828898779a646074d883a
NeoBundleLock neosnippet 1bd7e23c79b73da16eb0c9469b25c376d3594583
NeoBundleLock neosnippet-snippets 8e2b1c0cab9ed9a832b3743dbb65e9966a64331a
NeoBundleLock nerdtree 281701021c5001332a862da80175bf585d24e2e8
NeoBundleLock open-browser.vim 2780c6858d921271afbf001582405a2494fd51ca
NeoBundleLock previm e9967c225ddbcc67b45f6de7d3e2c5c656ef8fb6
NeoBundleLock serverspec-snippets e11d526844aed4a82200d047674ca28c3cf0d016
NeoBundleLock syntastic 6fb14d624b6081459360fdbba743f82cf84c8f92
NeoBundleLock unite.vim 97e634117ff05d3c867d625940da5c7947cebf63
NeoBundleLock vim-ansible-yaml 33643fc45b20e217e985436d005685dc8f476f06
NeoBundleLock vim-autoclose 633cf2285331a7a72190c81c75f10d73f197f709
NeoBundleLock vim-coffee-script 72f48c3f9bb6ba4f9ba1e6e4933c2c25686a1b62
NeoBundleLock vim-endwise 0067ceda37725d01b7bd5bf249d63b1b5d4e2ab4
NeoBundleLock vim-fugitive f44845e4408aae03e018e98afb7fbf0c2ee87dd5
NeoBundleLock vim-indent-guides 018298ead9d3aa9cd3b4ae222f81022a33978b09
NeoBundleLock vim-markdown d6d59eef6f604b6430fd6adade9e18364666232b
NeoBundleLock vim-quickrun 95da1f83c4a1988a3808492e2b2e169ed408d3e2
NeoBundleLock vim-rails 09ffc844ef959ffe133d0994641ade192531007e
NeoBundleLock vim-slim df26386b46b455f0c837c3ba30d1771204f209ca
NeoBundleLock vim-surround e49d6c2459e0f5569ff2d533b4df995dd7f98313
NeoBundleLock vimfiler 72c37e897d09a8749417a3322a25ee45aa3a4ed3
NeoBundleLock vimproc 25cb83f24edec4aec1e9f1329302235e7a7a7fe0
NeoBundleLock webapi-vim e3fa93f29a3a0754204002775e140d8a9acfd7fd
NeoBundleLock yaml-vim 509eef523082d69a75652739d4e7e6068eeb6506
